
Microsoft Visual Studio Solution File, Format Version 12.00
# Visual Studio Version 17
VisualStudioVersion = 17.0.31903.59
MinimumVisualStudioVersion = 10.0.40219.1
Project("{2150E333-8FDC-42A3-9474-1A3956D46DE8}") = "src", "src", "{5F73F9DA-DB78-4745-9E6B-91607020E55B}"
EndProject
Project("{FAE04EC0-301F-11D3-BF4B-00C04F79EFBC}") = "ExportCsvWebApi", "src\ExportCsvWebApi\ExportCsvWebApi.csproj", "{9E3604E6-4B8B-4892-AACF-DFFE93A4E5FC}"
EndProject
Global
	GlobalSection(SolutionConfigurationPlatforms) = preSolution
		Debug|Any CPU = Debug|Any CPU
		Release|Any CPU = Release|Any CPU
	EndGlobalSection
	GlobalSection(SolutionProperties) = preSolution
		HideSolutionNode = FALSE
	EndGlobalSection
	GlobalSection(ProjectConfigurationPlatforms) = postSolution
		{9E3604E6-4B8B-4892-AACF-DFFE93A4E5FC}.Debug|Any CPU.ActiveCfg = Debug|Any CPU
		{9E3604E6-4B8B-4892-AACF-DFFE93A4E5FC}.Debug|Any CPU.Build.0 = Debug|Any CPU
		{9E3604E6-4B8B-4892-AACF-DFFE93A4E5FC}.Release|Any CPU.ActiveCfg = Release|Any CPU
		{9E3604E6-4B8B-4892-AACF-DFFE93A4E5FC}.Release|Any CPU.Build.0 = Release|Any CPU
	EndGlobalSection
	GlobalSection(NestedProjects) = preSolution
		{9E3604E6-4B8B-4892-AACF-DFFE93A4E5FC} = {5F73F9DA-DB78-4745-9E6B-91607020E55B}
	EndGlobalSection
EndGlobal
